{
  "lockfileVersion": 2,
  "configVersion": 1,
  "workspaces": {
    "": {
      "name": "codename-gauntlet-warfare",
      "dependencies": {
        "@dimforge/rapier3d-compat": "0.20.0",
        "koota": "0.6.6",
        "recast-navigation": "0.43.1",
        "three": "0.170.0",
        "three.quarks": "0.16.0",
      },
      "devDependencies": {
        "@types/bun": "^1.2.0",
        "@types/three": "^0.170.0",
        "playwright": "1.63.0",
        "typescript": "^5.7.3",
      },
    },
  },
  "packages": {
    "@dimforge/rapier3d-compat": ["@dimforge/rapier3d-compat@0.20.0", "", {}, "sha512-X4W9pJBdGRX5CO3c/gUNjBFEFG2fn4nYxp9k8STdBDaLa0/w5XTW2ArpayS+9jGFojTi3uFSOWAElCd4rkpekA=="],

    "@recast-navigation/core": ["@recast-navigation/core@0.43.1", "", { "dependencies": { "@recast-navigation/wasm": "0.43.1" } }, "sha512-4igfPgnoV90O92sDSIA0xHa6tanh3z/udlgGmD0SqGQ6PKV4JS2l9jWO8YnxfZuXP/NV52H4c5FU6pSdZc9WDA=="],

    "@recast-navigation/generators": ["@recast-navigation/generators@0.43.1", "", { "dependencies": { "@recast-navigation/core": "0.43.1", "@recast-navigation/wasm": "0.43.1" } }, "sha512-w7r6k/A93wWxuSN+Lg+PmlsUVXq06r5bqXmBglolxqDt2O/Y776BIhYtb6P2P6pbYqDWORu9NCZZJzfY4FNpaA=="],

    "@recast-navigation/wasm": ["@recast-navigation/wasm@0.43.1", "", {}, "sha512-XFL6PhO8JodwXUHBSAkfaLUdUEweIkJsdP3HTmtJvMs5fkqEWxWJmBskZlACHJepv55NAriqWxOtuLlG3t7+Hg=="],

    "@tweenjs/tween.js": ["@tweenjs/tween.js@23.1.3", "", {}, "sha512-vJmvvwFxYuGnF2axRtPYocag6Clbb5YS7kLL+SO/TeVFzHqDIWrNKYtcsPMibjDx9O+bu+psAy9NKfWklassUA=="],

    "@types/bun": ["@types/bun@1.4.2", "", { "dependencies": { "bun-types": "1.4.2" } }, "sha512-GimotNn7+ZV0uVArItBbriZsR1oNf0+WTzPkdcFrzShI7k2norL0uzEaJT8T33dWr7O/c9ZDuAFQrctKCi72oQ=="],

    "@types/node": ["@types/node@26.6.1", "", { "dependencies": { "undici-types": "~8.9.0" } }, "sha512-VqGJBMCtdhqkBUCcBLvywI0NJ+KLuVzgNnlBUNFOQjqVxzo2lxLUNg1DSey8+u2u6ktswSAxg+s68QLzWHNOuA=="],

    "@types/stats.js": ["@types/stats.js@0.17.4", "", {}, "sha512-jIBvWWShCvlBqBNIZt0KAshWpvSjhkwkEu4ZUcASoAvhmrgAUI2t1dXrjSL4xXVLB4FznPrIsX3nKXFl/Dt4vA=="],

    "@types/three": ["@types/three@0.170.0", "", { "dependencies": { "@tweenjs/tween.js": "~23.1.3", "@types/stats.js": "*", "@types/webxr": "*", "@webgpu/types": "*", "fflate": "~0.8.2", "meshoptimizer": "~0.18.1" } }, "sha512-CUm2uckq+zkCY7ZbFpviRttY+6f9fvwm6YqSqPfA5K22s9w7R4VnA3rzJse8kHVvuzLcTx+CjNCs2NYe0QFAyg=="],

    "@types/webxr": ["@types/webxr@0.5.24", "", {}, "sha512-h8fgEd/DpoS9CBrjEQXR+dIDraopAEfu4wYVNY2tEPwk60stPWhvZMf4Foo5FakuQ7HFZoa8WceaWFervK2Ovg=="],

    "@webgpu/types": ["@webgpu/types@0.1.72", "", {}, "sha512-0cF7RFM2edNoiIS1ODJp0/Gzv4/xSXhwoR0YCza+OWpJWtn4wmo9DvK91aLlH9+uUnwIriP7ZiC3WitmyhuzBw=="],

    "bun-types": ["bun-types@1.4.2", "", { "dependencies": { "@types/node": "*" } }, "sha512-bxV1FgK7yBIzjRe5zBozIM4Bem11ZJcCXSrjWRG3YWLt8yFDePu4cLjpebO8OvPeIE9trbyPF4fuj3Cia4Fj3w=="],

    "fflate": ["fflate@0.8.3", "", {}, "sha512-tbZNuJrLwGUp3zshBtdy4W+ORxZuIh8a5ilyIEQDC5rY1f3U20JMry0Ll3WBzU58EZKsEuJFXhb5gwv8CsPvgA=="],

    "koota": ["koota@0.6.6", "", { "peerDependencies": { "@types/react": ">=18.0.0", "react": ">=18.0.0" }, "optionalPeers": ["@types/react", "react"] }, "sha512-Fn8lSooH3u9TIP+eAMugFrOju40Ec70+sB7x1eZBB3H0Lki2hyIbFAodk3NDB/RIRzoMs54O4422BVN6SbtWfw=="],

    "meshoptimizer": ["meshoptimizer@0.18.1", "", {}, "sha512-ZhoIoL7TNV4s5B6+rx5mC//fw8/POGyNxS/DZyCJeiZ12ScLfVwRE/GfsxwiTkMYYD5DmK2/JXnEVXqL4rF+Sw=="],

    "playwright": ["playwright@1.63.0", "", { "dependencies": { "playwright-core": "1.63.0" }, "bin": { "playwright": "cli.js" } }, "sha512-+7ziBLidS4NaNCdt57SUDT+wYmmd5fmiQejUic/kb+YsYSCPyOOE9sebzMjNmQrsnNpDJqd4WHvV/8lfKfUDUg=="],

    "playwright-core": ["playwright-core@1.63.0", "", { "bin": { "playwright-core": "cli.js" } }, "sha512-rYCsBF/M5HjUch52bbtVONEFjv6Xu8sm8h72dNlR5bzIE1fvC/bxgspzkjSfU+MweEMmPM8KJebG6nnyxo5mCg=="],

    "quarks.core": ["quarks.core@0.16.0", "", {}, "sha512-F46WeRCmv+HJaFvSOurfTbnR9Ri9SbqyiWKFVplmVmMU+2njI9YZ6oKkflZfwWAFTbHbbReL6LSXj248oNFC7w=="],

    "recast-navigation": ["recast-navigation@0.43.1", "", { "dependencies": { "@recast-navigation/core": "0.43.1", "@recast-navigation/generators": "0.43.1" } }, "sha512-BVBQEHE6uqD36opJomVkI5TxMVZ8bBLdDn90mYtBUYJnNlqEuNFOL8DH8lLOksfVVaC+kjykYuS57P6MrxVB7A=="],

    "three": ["three@0.170.0", "", {}, "sha512-FQK+LEpYc0fBD+J8g6oSEyyNzjp+Q7Ks1C568WWaoMRLW+TkNNWmenWeGgJjV105Gd+p/2ql1ZcjYvNiPZBhuQ=="],

    "three.quarks": ["three.quarks@0.16.0", "", { "dependencies": { "quarks.core": "^0.16.0" }, "peerDependencies": { "three": ">=0.165.0" } }, "sha512-j9hDNjTUurbrZltd/XXAw+6SEyQl2uYmNfhRnFkUXEGcqMJoJAfJSDKzIW1GrLljUkAzYK9MIBn53RSyaW1XWQ=="],

    "typescript": ["typescript@5.9.3", "", { "bin": { "tsc": "bin/tsc", "tsserver": "bin/tsserver" } }, "sha512-jl1vZzPDinLr9eUt3J/t7V6FgNEw9QjvBPdysz9KfQDD41fQrC2Y4vKQdiaUpFT4bXlb1RHhLpp8wtm6M5TgSw=="],

    "undici-types": ["undici-types@8.9.0", "", {}, "sha512-KTDyRTYX8sWmKXAikPHHSyc63CRPETMctyjKFupcC6OBLXT3xsN0e9aF7m+mIXutFWpUXuedtowG7iLOzp0kQg=="],
  }
}
